<?xml version="1.0" encoding="utf-8"?>
<Project ToolsVersion="4.0" xmlns="http://schemas.microsoft.com/developer/msbuild/2003">
  <ItemGroup>
    <Filter Include="Source Files">
      <UniqueIdentifier>{4FC737F1-C7A5-4376-A066-2A32D752A2FF}</UniqueIdentifier>
      <Extensions>cpp;c;cc;cxx;def;odl;idl;hpj;bat;asm;asmx</Extensions>
    </Filter>
    <Filter Include="Header Files">
      <UniqueIdentifier>{93995380-89BD-4b04-88EB-625FBE52EBFB}</UniqueIdentifier>
      <Extensions>h;hh;hpp;hxx;hm;inl;inc;xsd</Extensions>
    </Filter>
    <Filter Include="Resource Files">
      <UniqueIdentifier>{67DA6AB6-F800-4c08-8B7A-83BB121AAD01}</UniqueIdentifier>
      <Extensions>rc;ico;cur;bmp;dlg;rc2;rct;bin;rgs;gif;jpg;jpeg;jpe;resx;tiff;tif;png;wav;mfcribbon-ms</Extensions>
    </Filter>
    <Filter Include="Resource Files">
      <UniqueIdentifier>{D9D6E242-F8AF-46E4-B9FD-80ECBC20BA3E}</UniqueIdentifier>
      <Extensions>qrc;*</Extensions>
      <ParseFiles>false</ParseFiles>
    </Filter>
    <Filter Include="Form Files">
      <UniqueIdentifier>{99349809-55BA-4b9d-BF79-8FDBB0286EB3}</UniqueIdentifier>
      <Extensions>ui</Extensions>
      <ParseFiles>true</ParseFiles>
    </Filter>
  </ItemGroup>
  <ItemGroup>
    <ClInclude Include="vpframework_global.h">
      <Filter>Header Files</Filter>
    </ClInclude>
    <ClCompile Include="VPFramework.cpp">
      <Filter>Source Files</Filter>
    </ClCompile>
    <ClInclude Include="VPFramework.h">
      <Filter>Header Files</Filter>
    </ClInclude>
    <ClInclude Include="Model\Blueprint\Blueprint.h">
      <Filter>Header Files</Filter>
    </ClInclude>
    <ClInclude Include="Model\Blueprint\BlueprintFactories.h">
      <Filter>Header Files</Filter>
    </ClInclude>
    <ClInclude Include="Model\Core\Archive.h">
      <Filter>Header Files</Filter>
    </ClInclude>
    <ClInclude Include="Model\Core\Class.h">
      <Filter>Header Files</Filter>
    </ClInclude>
    <ClInclude Include="Model\Core\Guid.h">
      <Filter>Header Files</Filter>
    </ClInclude>
    <ClInclude Include="Model\Core\Object.h">
      <Filter>Header Files</Filter>
    </ClInclude>
    <ClInclude Include="Model\Core\ObjectPool.h">
      <Filter>Header Files</Filter>
    </ClInclude>
    <ClInclude Include="Model\Core\Script.h">
      <Filter>Header Files</Filter>
    </ClInclude>
    <ClInclude Include="Model\Customize\k2Blueprint\K2Blueprint.h">
      <Filter>Header Files</Filter>
    </ClInclude>
    <ClInclude Include="Model\Customize\k2Blueprint\K2BlueprintFactories.h">
      <Filter>Header Files</Filter>
    </ClInclude>
    <ClInclude Include="Model\Customize\k2EdGraph\EdGraphSchema_K2.h">
      <Filter>Header Files</Filter>
    </ClInclude>
    <ClInclude Include="Model\Customize\k2EdGraph\K2Node.h">
      <Filter>Header Files</Filter>
    </ClInclude>
    <ClInclude Include="Model\Customize\k2EdGraph\K2Node_EditablePinBase.h">
      <Filter>Header Files</Filter>
    </ClInclude>
    <ClInclude Include="Model\Customize\k2EdGraph\K2Node_FunctionEntry.h">
      <Filter>Header Files</Filter>
    </ClInclude>
    <ClInclude Include="Model\Customize\k2EdGraph\K2Node_FunctionTerminator.h">
      <Filter>Header Files</Filter>
    </ClInclude>
    <ClInclude Include="Model\EdGraph\EdGraph.h">
      <Filter>Header Files</Filter>
    </ClInclude>
    <ClInclude Include="Model\EdGraph\EdGraphNode.h">
      <Filter>Header Files</Filter>
    </ClInclude>
    <ClInclude Include="Model\EdGraph\EdGraphPin.h">
      <Filter>Header Files</Filter>
    </ClInclude>
    <ClInclude Include="Model\EdGraph\EdGraphSchema.h">
      <Filter>Header Files</Filter>
    </ClInclude>
    <ClInclude Include="View\Common\CommEnum.h">
      <Filter>Header Files</Filter>
    </ClInclude>
    <ClInclude Include="View\Common\CommStruct.h">
      <Filter>Header Files</Filter>
    </ClInclude>
    <ClInclude Include="View\SSCSEditor\Pins\SGraphPinBool.h">
      <Filter>Header Files</Filter>
    </ClInclude>
    <ClInclude Include="View\SSCSEditor\Pins\SGraphPinClass.h">
      <Filter>Header Files</Filter>
    </ClInclude>
    <ClInclude Include="View\SSCSEditor\Pins\SGraphPinEnum.h">
      <Filter>Header Files</Filter>
    </ClInclude>
    <ClInclude Include="View\SSCSEditor\Pins\SGraphPinExec.h">
      <Filter>Header Files</Filter>
    </ClInclude>
    <ClInclude Include="View\SSCSEditor\Pins\SGraphPinInteger.h">
      <Filter>Header Files</Filter>
    </ClInclude>
    <ClInclude Include="View\SSCSEditor\Pins\SGraphPinString.h">
      <Filter>Header Files</Filter>
    </ClInclude>
    <ClInclude Include="View\SSCSEditor\Pins\SNameComboBox.h">
      <Filter>Header Files</Filter>
    </ClInclude>
    <ClInclude Include="View\SSCSEditor\SSCSGraph.h">
      <Filter>Header Files</Filter>
    </ClInclude>
    <ClInclude Include="View\SSCSEditor\SSCSNode.h">
      <Filter>Header Files</Filter>
    </ClInclude>
    <ClInclude Include="View\SSCSEditor\SSCSPin.h">
      <Filter>Header Files</Filter>
    </ClInclude>
  </ItemGroup>
  <ItemGroup>
    <ClCompile Include="Model\Blueprint\Blueprint.cpp">
      <Filter>Source Files</Filter>
    </ClCompile>
    <ClCompile Include="Model\Blueprint\BlueprintFactories.cpp">
      <Filter>Source Files</Filter>
    </ClCompile>
    <ClCompile Include="Model\Core\Archive.cpp">
      <Filter>Source Files</Filter>
    </ClCompile>
    <ClCompile Include="Model\Core\Class.cpp">
      <Filter>Source Files</Filter>
    </ClCompile>
    <ClCompile Include="Model\Core\Guid.cpp">
      <Filter>Source Files</Filter>
    </ClCompile>
    <ClCompile Include="Model\Core\Object.cpp">
      <Filter>Source Files</Filter>
    </ClCompile>
    <ClCompile Include="Model\Core\ObjectPool.cpp">
      <Filter>Source Files</Filter>
    </ClCompile>
    <ClCompile Include="Model\Core\Script.cpp">
      <Filter>Source Files</Filter>
    </ClCompile>
    <ClCompile Include="Model\Customize\k2Blueprint\K2Blueprint.cpp">
      <Filter>Source Files</Filter>
    </ClCompile>
    <ClCompile Include="Model\Customize\k2Blueprint\K2BlueprintFactories.cpp">
      <Filter>Source Files</Filter>
    </ClCompile>
    <ClCompile Include="Model\Customize\k2EdGraph\EdGraphSchema_K2.cpp">
      <Filter>Source Files</Filter>
    </ClCompile>
    <ClCompile Include="Model\Customize\k2EdGraph\K2Node.cpp">
      <Filter>Source Files</Filter>
    </ClCompile>
    <ClCompile Include="Model\Customize\k2EdGraph\K2Node_EditablePinBase.cpp">
      <Filter>Source Files</Filter>
    </ClCompile>
    <ClCompile Include="Model\Customize\k2EdGraph\K2Node_FunctionEntry.cpp">
      <Filter>Source Files</Filter>
    </ClCompile>
    <ClCompile Include="Model\Customize\k2EdGraph\K2Node_FunctionTerminator.cpp">
      <Filter>Source Files</Filter>
    </ClCompile>
    <ClCompile Include="Model\EdGraph\EdGraph.cpp">
      <Filter>Source Files</Filter>
    </ClCompile>
    <ClCompile Include="Model\EdGraph\EdGraphNode.cpp">
      <Filter>Source Files</Filter>
    </ClCompile>
    <ClCompile Include="Model\EdGraph\EdGraphPin.cpp">
      <Filter>Source Files</Filter>
    </ClCompile>
    <ClCompile Include="Model\EdGraph\EdGraphSchema.cpp">
      <Filter>Source Files</Filter>
    </ClCompile>
    <ClCompile Include="Controller\Blueprint\BlueprintEditor.cpp">
      <Filter>Source Files</Filter>
    </ClCompile>
    <ClCompile Include="Controller\Customize\k2Blueprint\K2BlueprintEditor.cpp">
      <Filter>Source Files</Filter>
    </ClCompile>
    <ClCompile Include="View\Common\CommEnum.cpp">
      <Filter>Source Files</Filter>
    </ClCompile>
    <ClCompile Include="View\Common\CommStruct.cpp">
      <Filter>Source Files</Filter>
    </ClCompile>
    <ClCompile Include="View\SCompiler\SCompiler.cpp">
      <Filter>Source Files</Filter>
    </ClCompile>
    <ClCompile Include="View\SCompilerResults\SCompilerResults.cpp">
      <Filter>Source Files</Filter>
    </ClCompile>
    <ClCompile Include="View\SKismetInspector\SKismetInspector.cpp">
      <Filter>Source Files</Filter>
    </ClCompile>
    <ClCompile Include="View\SKismetInspector\SKismetInspectorFuncIO.cpp">
      <Filter>Source Files</Filter>
    </ClCompile>
    <ClCompile Include="View\SKismetInspector\SKismetInspectorGroup.cpp">
      <Filter>Source Files</Filter>
    </ClCompile>
    <ClCompile Include="View\SKismetInspector\SKismetInspectorItem.cpp">
      <Filter>Source Files</Filter>
    </ClCompile>
    <ClCompile Include="View\SMyBlueprint\SMyBlueprint.cpp">
      <Filter>Source Files</Filter>
    </ClCompile>
    <ClCompile Include="View\SMyBlueprint\SMyBlueprintGroup.cpp">
      <Filter>Source Files</Filter>
    </ClCompile>
    <ClCompile Include="View\SMyBlueprint\SMyBlueprintItem.cpp">
      <Filter>Source Files</Filter>
    </ClCompile>
    <ClCompile Include="View\SSCSEditor\Pins\SGraphPinBool.cpp">
      <Filter>Source Files</Filter>
    </ClCompile>
    <ClCompile Include="View\SSCSEditor\Pins\SGraphPinClass.cpp">
      <Filter>Source Files</Filter>
    </ClCompile>
    <ClCompile Include="View\SSCSEditor\Pins\SGraphPinEnum.cpp">
      <Filter>Source Files</Filter>
    </ClCompile>
    <ClCompile Include="View\SSCSEditor\Pins\SGraphPinExec.cpp">
      <Filter>Source Files</Filter>
    </ClCompile>
    <ClCompile Include="View\SSCSEditor\Pins\SGraphPinInteger.cpp">
      <Filter>Source Files</Filter>
    </ClCompile>
    <ClCompile Include="View\SSCSEditor\Pins\SGraphPinString.cpp">
      <Filter>Source Files</Filter>
    </ClCompile>
    <ClCompile Include="View\SSCSEditor\Pins\SNameComboBox.cpp">
      <Filter>Source Files</Filter>
    </ClCompile>
    <ClCompile Include="View\SSCSEditor\SSCSEditor.cpp">
      <Filter>Source Files</Filter>
    </ClCompile>
    <ClCompile Include="View\SSCSEditor\SSCSGraph.cpp">
      <Filter>Source Files</Filter>
    </ClCompile>
    <ClCompile Include="View\SSCSEditor\SSCSMdiWidget.cpp">
      <Filter>Source Files</Filter>
    </ClCompile>
    <ClCompile Include="View\SSCSEditor\SSCSNode.cpp">
      <Filter>Source Files</Filter>
    </ClCompile>
    <ClCompile Include="View\SSCSEditor\SSCSPin.cpp">
      <Filter>Source Files</Filter>
    </ClCompile>
  </ItemGroup>
  <ItemGroup>
    <QtMoc Include="Controller\Blueprint\BlueprintEditor.h">
      <Filter>Header Files</Filter>
    </QtMoc>
    <QtMoc Include="Controller\Customize\k2Blueprint\K2BlueprintEditor.h">
      <Filter>Header Files</Filter>
    </QtMoc>
    <QtMoc Include="View\SCompiler\SCompiler.h">
      <Filter>Header Files</Filter>
    </QtMoc>
    <QtMoc Include="View\SCompilerResults\SCompilerResults.h">
      <Filter>Header Files</Filter>
    </QtMoc>
    <QtMoc Include="View\SKismetInspector\SKismetInspector.h">
      <Filter>Header Files</Filter>
    </QtMoc>
    <QtMoc Include="View\SKismetInspector\SKismetInspectorFuncIO.h">
      <Filter>Header Files</Filter>
    </QtMoc>
    <QtMoc Include="View\SKismetInspector\SKismetInspectorGroup.h">
      <Filter>Header Files</Filter>
    </QtMoc>
    <QtMoc Include="View\SKismetInspector\SKismetInspectorItem.h">
      <Filter>Header Files</Filter>
    </QtMoc>
    <QtMoc Include="View\SMyBlueprint\SMyBlueprint.h">
      <Filter>Header Files</Filter>
    </QtMoc>
    <QtMoc Include="View\SMyBlueprint\SMyBlueprintGroup.h">
      <Filter>Header Files</Filter>
    </QtMoc>
    <QtMoc Include="View\SMyBlueprint\SMyBlueprintItem.h">
      <Filter>Header Files</Filter>
    </QtMoc>
    <QtMoc Include="View\SSCSEditor\SSCSEditor.h">
      <Filter>Header Files</Filter>
    </QtMoc>
    <QtMoc Include="View\SSCSEditor\SSCSMdiWidget.h">
      <Filter>Header Files</Filter>
    </QtMoc>
  </ItemGroup>
  <ItemGroup>
    <QtUic Include="View\SCompiler\SCompiler.ui">
      <Filter>Form Files</Filter>
    </QtUic>
    <QtUic Include="View\SCompilerResults\SCompilerResults.ui">
      <Filter>Form Files</Filter>
    </QtUic>
    <QtUic Include="View\SKismetInspector\SKismetInspector.ui">
      <Filter>Form Files</Filter>
    </QtUic>
    <QtUic Include="View\SKismetInspector\SKismetInspectorFuncIO.ui">
      <Filter>Form Files</Filter>
    </QtUic>
    <QtUic Include="View\SKismetInspector\SKismetInspectorGroup.ui">
      <Filter>Form Files</Filter>
    </QtUic>
    <QtUic Include="View\SKismetInspector\SKismetInspectorItem.ui">
      <Filter>Form Files</Filter>
    </QtUic>
    <QtUic Include="View\SMyBlueprint\SMyBlueprint.ui">
      <Filter>Form Files</Filter>
    </QtUic>
    <QtUic Include="View\SMyBlueprint\SMyBlueprintGroup.ui">
      <Filter>Form Files</Filter>
    </QtUic>
    <QtUic Include="View\SMyBlueprint\SMyBlueprintItem.ui">
      <Filter>Form Files</Filter>
    </QtUic>
    <QtUic Include="View\SSCSEditor\SSCSEditor.ui">
      <Filter>Form Files</Filter>
    </QtUic>
    <QtUic Include="View\SSCSEditor\SSCSMdiWidget.ui">
      <Filter>Form Files</Filter>
    </QtUic>
  </ItemGroup>
</Project>